
Microsoft Visual Studio Solution File, Format Version 12.00
# Visual Studio Version 16
VisualStudioVersion = 16.0.31112.23
MinimumVisualStudioVersion = 10.0.40219.1
Project("{FAE04EC0-301F-11D3-BF4B-00C04F79EFBC}") = "HW6", "HW6.csproj", "{94667FB7-055B-498E-B406-05E5552D2E16}"
EndProject
Global
	GlobalSection(SolutionConfigurationPlatforms) = preSolution
		Debug|Any CPU = Debug|Any CPU
		Release|Any CPU = Release|Any CPU
	EndGlobalSection
	GlobalSection(ProjectConfigurationPlatforms) = postSolution
		{94667FB7-055B-498E-B406-05E5552D2E16}.Debug|Any CPU.ActiveCfg = Debug|Any CPU
		{94667FB7-055B-498E-B406-05E5552D2E16}.Debug|Any CPU.Build.0 = Debug|Any CPU
		{94667FB7-055B-498E-B406-05E5552D2E16}.Release|Any CPU.ActiveCfg = Release|Any CPU
		{94667FB7-055B-498E-B406-05E5552D2E16}.Release|Any CPU.Build.0 = Release|Any CPU
	EndGlobalSection
	GlobalSection(SolutionProperties) = preSolution
		HideSolutionNode = FALSE
	EndGlobalSection
	GlobalSection(ExtensibilityGlobals) = postSolution
		SolutionGuid = {8524FB90-AF52-44C7-82CB-039857C3568E}
	EndGlobalSection
EndGlobal
